github.com/energye/systray v1.0.3 h1:XnyjJCeRU5z00bpNOic2fGTKz/7yHZMZjWiGIVXDS+4=
github.com/energye/systray v1.0.3/go.mod h1:HelKhC3PXwv3ryDxbuQqV+7kAxAYNzE5cfdrerGOZTc=
github.com/godbus/dbus/v5 v5.0.4/go.mod h1:xhWf0FNVPg57R7Z0UbKHbJfkEywrmjJnf7w5xrFpKfA=
github.com/godbus/dbus/v5 v5.1.0 h1:4KLkAxT3aOY8Li4FRJe/KvhoNFFxo0m6fNuFUO8QJUk=
github.com/godbus/dbus/v5 v5.1.0/go.mod h1:xhWf0FNVPg57R7Z0UbKHbJfkEywrmjJnf7w5xrFpKfA=
github.com/lutischan-ferenc/systray v1.3.0 h1:O1jZ/nAXpUbGg0+vO1xKvGP6FE26f5Xh6PYrN/cLqbs=
github.com/lutischan-ferenc/systray v1.3.0/go.mod h1:YYaJ28AVuhMrlI5JfqrMsYMIl3Aa4Q02bpXXCl9caqo=
github.com/tevino/abool v0.0.0-20220530134649-2bfc934cb23c h1:coVla7zpsycc+kA9NXpcvv2E4I7+ii6L5hZO2S6C3kw=
github.com/tevino/abool v0.0.0-20220530134649-2bfc934cb23c/go.mod h1:qc66Pna1RiIsPa7O4Egxxs9OqkuxDX55zznh9K07Tzg=
golang.org/x/sys v0.12.0 h1:CM0HF96J0hcLAwsHPJZjfdNzs0gftsLfgKt57wWHJ0o=
golang.org/x/sys v0.12.0/go.mod h1:oPkhp1MJrh7nUepCBck5+mAzfO9JrbApNNgaTdGDITg=
